
Microsoft Visual Studio Solution File, Format Version 12.00
# Visual Studio 15
VisualStudioVersion = 15.0.27004.2009
MinimumVisualStudioVersion = 10.0.40219.1
Project("{FAE04EC0-301F-11D3-BF4B-00C04F79EFBC}") = "PraxisApp.Android", "PraxisApp\PraxisApp.Android\PraxisApp.Android.csproj", "{03F80062-B950-43B6-B563-05CD2DBF3C08}"
EndProject
Project("{FAE04EC0-301F-11D3-BF4B-00C04F79EFBC}") = "PraxisApp", "PraxisApp\PraxisApp\PraxisApp.csproj", "{70DAD74A-F134-428C-BC3E-817650A33507}"
EndProject
Project("{FAE04EC0-301F-11D3-BF4B-00C04F79EFBC}") = "PraxisApp.UWP", "PraxisApp\PraxisApp.UWP\PraxisApp.UWP.csproj", "{0A236B1B-B7E0-4759-8546-790A62B63D5A}"
EndProject
Project("{FAE04EC0-301F-11D3-BF4B-00C04F79EFBC}") = "PraxisApp.iOS", "PraxisApp\PraxisApp.iOS\PraxisApp.iOS.csproj", "{E8013CF2-4056-4C0E-8799-77630417E500}"
EndProject
Global
	GlobalSection(SolutionConfigurationPlatforms) = preSolution
		Ad-Hoc|Any CPU = Ad-Hoc|Any CPU
		Ad-Hoc|ARM = Ad-Hoc|ARM
		Ad-Hoc|iPhone = Ad-Hoc|iPhone
		Ad-Hoc|iPhoneSimulator = Ad-Hoc|iPhoneSimulator
		Ad-Hoc|x64 = Ad-Hoc|x64
		Ad-Hoc|x86 = Ad-Hoc|x86
		AppStore|Any CPU = AppStore|Any CPU
		AppStore|ARM = AppStore|ARM
		AppStore|iPhone = AppStore|iPhone
		AppStore|iPhoneSimulator = AppStore|iPhoneSimulator
		AppStore|x64 = AppStore|x64
		AppStore|x86 = AppStore|x86
		Debug|Any CPU = Debug|Any CPU
		Debug|ARM = Debug|ARM
		Debug|iPhone = Debug|iPhone
		Debug|iPhoneSimulator = Debug|iPhoneSimulator
		Debug|x64 = Debug|x64
		Debug|x86 = Debug|x86
		Release|Any CPU = Release|Any CPU
		Release|ARM = Release|ARM
		Release|iPhone = Release|iPhone
		Release|iPhoneSimulator = Release|iPhoneSimulator
		Release|x64 = Release|x64
		Release|x86 = Release|x86
	EndGlobalSection
	GlobalSection(ProjectConfigurationPlatforms) = postSolution
		{03F80062-B950-43B6-B563-05CD2DBF3C08}.Ad-Hoc|Any CPU.ActiveCfg = Release|Any CPU
		{03F80062-B950-43B6-B563-05CD2DBF3C08}.Ad-Hoc|Any CPU.Build.0 = Release|Any CPU
		{03F80062-B950-43B6-B563-05CD2DBF3C08}.Ad-Hoc|Any CPU.Deploy.0 = Release|Any CPU
		{03F80062-B950-43B6-B563-05CD2DBF3C08}.Ad-Hoc|ARM.ActiveCfg = Release|Any CPU
		{03F80062-B950-43B6-B563-05CD2DBF3C08}.Ad-Hoc|ARM.Build.0 = Release|Any CPU
		{03F80062-B950-43B6-B563-05CD2DBF3C08}.Ad-Hoc|ARM.Deploy.0 = Release|Any CPU
		{03F80062-B950-43B6-B563-05CD2DBF3C08}.Ad-Hoc|iPhone.ActiveCfg = Release|Any CPU
		{03F80062-B950-43B6-B563-05CD2DBF3C08}.Ad-Hoc|iPhone.Build.0 = Release|Any CPU
		{03F80062-B950-43B6-B563-05CD2DBF3C08}.Ad-Hoc|iPhone.Deploy.0 = Release|Any CPU
		{03F80062-B950-43B6-B563-05CD2DBF3C08}.Ad-Hoc|iPhoneSimulator.ActiveCfg = Release|Any CPU
		{03F80062-B950-43B6-B563-05CD2DBF3C08}.Ad-Hoc|iPhoneSimulator.Build.0 = Release|Any CPU
		{03F80062-B950-43B6-B563-05CD2DBF3C08}.Ad-Hoc|iPhoneSimulator.Deploy.0 = Release|Any CPU
		{03F80062-B950-43B6-B563-05CD2DBF3C08}.Ad-Hoc|x64.ActiveCfg = Release|Any CPU
		{03F80062-B950-43B6-B563-05CD2DBF3C08}.Ad-Hoc|x64.Build.0 = Release|Any CPU
		{03F80062-B950-43B6-B563-05CD2DBF3C08}.Ad-Hoc|x64.Deploy.0 = Release|Any CPU
		{03F80062-B950-43B6-B563-05CD2DBF3C08}.Ad-Hoc|x86.ActiveCfg = Release|Any CPU
		{03F80062-B950-43B6-B563-05CD2DBF3C08}.Ad-Hoc|x86.Build.0 = Release|Any CPU
		{03F80062-B950-43B6-B563-05CD2DBF3C08}.Ad-Hoc|x86.Deploy.0 = Release|Any CPU
		{03F80062-B950-43B6-B563-05CD2DBF3C08}.AppStore|Any CPU.ActiveCfg = Release|Any CPU
		{03F80062-B950-43B6-B563-05CD2DBF3C08}.AppStore|Any CPU.Build.0 = Release|Any CPU
		{03F80062-B950-43B6-B563-05CD2DBF3C08}.AppStore|Any CPU.Deploy.0 = Release|Any CPU
		{03F80062-B950-43B6-B563-05CD2DBF3C08}.AppStore|ARM.ActiveCfg = Release|Any CPU
		{03F80062-B950-43B6-B563-05CD2DBF3C08}.AppStore|ARM.Build.0 = Release|Any CPU
		{03F80062-B950-43B6-B563-05CD2DBF3C08}.AppStore|ARM.Deploy.0 = Release|Any CPU
		{03F80062-B950-43B6-B563-05CD2DBF3C08}.AppStore|iPhone.ActiveCfg = Release|Any CPU
		{03F80062-B950-43B6-B563-05CD2DBF3C08}.AppStore|iPhone.Build.0 = Release|Any CPU
		{03F80062-B950-43B6-B563-05CD2DBF3C08}.AppStore|iPhone.Deploy.0 = Release|Any CPU
		{03F80062-B950-43B6-B563-05CD2DBF3C08}.AppStore|iPhoneSimulator.ActiveCfg = Release|Any CPU
		{03F80062-B950-43B6-B563-05CD2DBF3C08}.AppStore|iPhoneSimulator.Build.0 = Release|Any CPU
		{03F80062-B950-43B6-B563-05CD2DBF3C08}.AppStore|iPhoneSimulator.Deploy.0 = Release|Any CPU
		{03F80062-B950-43B6-B563-05CD2DBF3C08}.AppStore|x64.ActiveCfg = Release|Any CPU
		{03F80062-B950-43B6-B563-05CD2DBF3C08}.AppStore|x64.Build.0 = Release|Any CPU
		{03F80062-B950-43B6-B563-05CD2DBF3C08}.AppStore|x64.Deploy.0 = Release|Any CPU
		{03F80062-B950-43B6-B563-05CD2DBF3C08}.AppStore|x86.ActiveCfg = Release|Any CPU
		{03F80062-B950-43B6-B563-05CD2DBF3C08}.AppStore|x86.Build.0 = Release|Any CPU
		{03F80062-B950-43B6-B563-05CD2DBF3C08}.AppStore|x86.Deploy.0 = Release|Any CPU
		{03F80062-B950-43B6-B563-05CD2DBF3C08}.Debug|Any CPU.ActiveCfg = Debug|Any CPU
		{03F80062-B950-43B6-B563-05CD2DBF3C08}.Debug|Any CPU.Build.0 = Debug|Any CPU
		{03F80062-B950-43B6-B563-05CD2DBF3C08}.Debug|Any CPU.Deploy.0 = Debug|Any CPU
		{03F80062-B950-43B6-B563-05CD2DBF3C08}.Debug|ARM.ActiveCfg = Debug|Any CPU
		{03F80062-B950-43B6-B563-05CD2DBF3C08}.Debug|ARM.Build.0 = Debug|Any CPU
		{03F80062-B950-43B6-B563-05CD2DBF3C08}.Debug|ARM.Deploy.0 = Debug|Any CPU
		{03F80062-B950-43B6-B563-05CD2DBF3C08}.Debug|iPhone.ActiveCfg = Debug|Any CPU
		{03F80062-B950-43B6-B563-05CD2DBF3C08}.Debug|iPhone.Build.0 = Debug|Any CPU
		{03F80062-B950-43B6-B563-05CD2DBF3C08}.Debug|iPhone.Deploy.0 = Debug|Any CPU
		{03F80062-B950-43B6-B563-05CD2DBF3C08}.Debug|iPhoneSimulator.ActiveCfg = Debug|Any CPU
		{03F80062-B950-43B6-B563-05CD2DBF3C08}.Debug|iPhoneSimulator.Build.0 = Debug|Any CPU
		{03F80062-B950-43B6-B563-05CD2DBF3C08}.Debug|iPhoneSimulator.Deploy.0 = Debug|Any CPU
		{03F80062-B950-43B6-B563-05CD2DBF3C08}.Debug|x64.ActiveCfg = Debug|Any CPU
		{03F80062-B950-43B6-B563-05CD2DBF3C08}.Debug|x64.Build.0 = Debug|Any CPU
		{03F80062-B950-43B6-B563-05CD2DBF3C08}.Debug|x64.Deploy.0 = Debug|Any CPU
		{03F80062-B950-43B6-B563-05CD2DBF3C08}.Debug|x86.ActiveCfg = Debug|Any CPU
		{03F80062-B950-43B6-B563-05CD2DBF3C08}.Debug|x86.Build.0 = Debug|Any CPU
		{03F80062-B950-43B6-B563-05CD2DBF3C08}.Debug|x86.Deploy.0 = Debug|Any CPU
		{03F80062-B950-43B6-B563-05CD2DBF3C08}.Release|Any CPU.ActiveCfg = Release|Any CPU
		{03F80062-B950-43B6-B563-05CD2DBF3C08}.Release|Any CPU.Build.0 = Release|Any CPU
		{03F80062-B950-43B6-B563-05CD2DBF3C08}.Release|Any CPU.Deploy.0 = Release|Any CPU
		{03F80062-B950-43B6-B563-05CD2DBF3C08}.Release|ARM.ActiveCfg = Release|Any CPU
		{03F80062-B950-43B6-B563-05CD2DBF3C08}.Release|ARM.Build.0 = Release|Any CPU
		{03F80062-B950-43B6-B563-05CD2DBF3C08}.Release|ARM.Deploy.0 = Release|Any CPU
		{03F80062-B950-43B6-B563-05CD2DBF3C08}.Release|iPhone.ActiveCfg = Release|Any CPU
		{03F80062-B950-43B6-B563-05CD2DBF3C08}.Release|iPhone.Build.0 = Release|Any CPU
		{03F80062-B950-43B6-B563-05CD2DBF3C08}.Release|iPhone.Deploy.0 = Release|Any CPU
		{03F80062-B950-43B6-B563-05CD2DBF3C08}.Release|iPhoneSimulator.ActiveCfg = Release|Any CPU
		{03F80062-B950-43B6-B563-05CD2DBF3C08}.Release|iPhoneSimulator.Build.0 = Release|Any CPU
		{03F80062-B950-43B6-B563-05CD2DBF3C08}.Release|iPhoneSimulator.Deploy.0 = Release|Any CPU
		{03F80062-B950-43B6-B563-05CD2DBF3C08}.Release|x64.ActiveCfg = Release|Any CPU
		{03F80062-B950-43B6-B563-05CD2DBF3C08}.Release|x64.Build.0 = Release|Any CPU
		{03F80062-B950-43B6-B563-05CD2DBF3C08}.Release|x64.Deploy.0 = Release|Any CPU
		{03F80062-B950-43B6-B563-05CD2DBF3C08}.Release|x86.ActiveCfg = Release|Any CPU
		{03F80062-B950-43B6-B563-05CD2DBF3C08}.Release|x86.Build.0 = Release|Any CPU
		{03F80062-B950-43B6-B563-05CD2DBF3C08}.Release|x86.Deploy.0 = Release|Any CPU
		{70DAD74A-F134-428C-BC3E-817650A33507}.Ad-Hoc|Any CPU.ActiveCfg = Release|Any CPU
		{70DAD74A-F134-428C-BC3E-817650A33507}.Ad-Hoc|Any CPU.Build.0 = Release|Any CPU
		{70DAD74A-F134-428C-BC3E-817650A33507}.Ad-Hoc|ARM.ActiveCfg = Release|Any CPU
		{70DAD74A-F134-428C-BC3E-817650A33507}.Ad-Hoc|ARM.Build.0 = Release|Any CPU
		{70DAD74A-F134-428C-BC3E-817650A33507}.Ad-Hoc|iPhone.ActiveCfg = Release|Any CPU
		{70DAD74A-F134-428C-BC3E-817650A33507}.Ad-Hoc|iPhone.Build.0 = Release|Any CPU
		{70DAD74A-F134-428C-BC3E-817650A33507}.Ad-Hoc|iPhoneSimulator.ActiveCfg = Release|Any CPU
		{70DAD74A-F134-428C-BC3E-817650A33507}.Ad-Hoc|iPhoneSimulator.Build.0 = Release|Any CPU
		{70DAD74A-F134-428C-BC3E-817650A33507}.Ad-Hoc|x64.ActiveCfg = Release|Any CPU
		{70DAD74A-F134-428C-BC3E-817650A33507}.Ad-Hoc|x64.Build.0 = Release|Any CPU
		{70DAD74A-F134-428C-BC3E-817650A33507}.Ad-Hoc|x86.ActiveCfg = Release|Any CPU
		{70DAD74A-F134-428C-BC3E-817650A33507}.Ad-Hoc|x86.Build.0 = Release|Any CPU
		{70DAD74A-F134-428C-BC3E-817650A33507}.AppStore|Any CPU.ActiveCfg = Release|Any CPU
		{70DAD74A-F134-428C-BC3E-817650A33507}.AppStore|Any CPU.Build.0 = Release|Any CPU
		{70DAD74A-F134-428C-BC3E-817650A33507}.AppStore|ARM.ActiveCfg = Release|Any CPU
		{70DAD74A-F134-428C-BC3E-817650A33507}.AppStore|ARM.Build.0 = Release|Any CPU
		{70DAD74A-F134-428C-BC3E-817650A33507}.AppStore|iPhone.ActiveCfg = Release|Any CPU
		{70DAD74A-F134-428C-BC3E-817650A33507}.AppStore|iPhone.Build.0 = Release|Any CPU
		{70DAD74A-F134-428C-BC3E-817650A33507}.AppStore|iPhoneSimulator.ActiveCfg = Release|Any CPU
		{70DAD74A-F134-428C-BC3E-817650A33507}.AppStore|iPhoneSimulator.Build.0 = Release|Any CPU
		{70DAD74A-F134-428C-BC3E-817650A33507}.AppStore|x64.ActiveCfg = Release|Any CPU
		{70DAD74A-F134-428C-BC3E-817650A33507}.AppStore|x64.Build.0 = Release|Any CPU
		{70DAD74A-F134-428C-BC3E-817650A33507}.AppStore|x86.ActiveCfg = Release|Any CPU
		{70DAD74A-F134-428C-BC3E-817650A33507}.AppStore|x86.Build.0 = Release|Any CPU
		{70DAD74A-F134-428C-BC3E-817650A33507}.Debug|Any CPU.ActiveCfg = Debug|Any CPU
		{70DAD74A-F134-428C-BC3E-817650A33507}.Debug|Any CPU.Build.0 = Debug|Any CPU
		{70DAD74A-F134-428C-BC3E-817650A33507}.Debug|ARM.ActiveCfg = Debug|Any CPU
		{70DAD74A-F134-428C-BC3E-817650A33507}.Debug|ARM.Build.0 = Debug|Any CPU
		{70DAD74A-F134-428C-BC3E-817650A33507}.Debug|iPhone.ActiveCfg = Debug|Any CPU
		{70DAD74A-F134-428C-BC3E-817650A33507}.Debug|iPhone.Build.0 = Debug|Any CPU
		{70DAD74A-F134-428C-BC3E-817650A33507}.Debug|iPhoneSimulator.ActiveCfg = Debug|Any CPU
		{70DAD74A-F134-428C-BC3E-817650A33507}.Debug|iPhoneSimulator.Build.0 = Debug|Any CPU
		{70DAD74A-F134-428C-BC3E-817650A33507}.Debug|x64.ActiveCfg = Debug|Any CPU
		{70DAD74A-F134-428C-BC3E-817650A33507}.Debug|x64.Build.0 = Debug|Any CPU
		{70DAD74A-F134-428C-BC3E-817650A33507}.Debug|x86.ActiveCfg = Debug|Any CPU
		{70DAD74A-F134-428C-BC3E-817650A33507}.Debug|x86.Build.0 = Debug|Any CPU
		{70DAD74A-F134-428C-BC3E-817650A33507}.Release|Any CPU.ActiveCfg = Release|Any CPU
		{70DAD74A-F134-428C-BC3E-817650A33507}.Release|Any CPU.Build.0 = Release|Any CPU
		{70DAD74A-F134-428C-BC3E-817650A33507}.Release|ARM.ActiveCfg = Release|Any CPU
		{70DAD74A-F134-428C-BC3E-817650A33507}.Release|ARM.Build.0 = Release|Any CPU
		{70DAD74A-F134-428C-BC3E-817650A33507}.Release|iPhone.ActiveCfg = Release|Any CPU
		{70DAD74A-F134-428C-BC3E-817650A33507}.Release|iPhone.Build.0 = Release|Any CPU
		{70DAD74A-F134-428C-BC3E-817650A33507}.Release|iPhoneSimulator.ActiveCfg = Release|Any CPU
		{70DAD74A-F134-428C-BC3E-817650A33507}.Release|iPhoneSimulator.Build.0 = Release|Any CPU
		{70DAD74A-F134-428C-BC3E-817650A33507}.Release|x64.ActiveCfg = Release|Any CPU
		{70DAD74A-F134-428C-BC3E-817650A33507}.Release|x64.Build.0 = Release|Any CPU
		{70DAD74A-F134-428C-BC3E-817650A33507}.Release|x86.ActiveCfg = Release|Any CPU
		{70DAD74A-F134-428C-BC3E-817650A33507}.Release|x86.Build.0 = Release|Any CPU
		{0A236B1B-B7E0-4759-8546-790A62B63D5A}.Ad-Hoc|Any CPU.ActiveCfg = Release|x86
		{0A236B1B-B7E0-4759-8546-790A62B63D5A}.Ad-Hoc|Any CPU.Build.0 = Release|x86
		{0A236B1B-B7E0-4759-8546-790A62B63D5A}.Ad-Hoc|Any CPU.Deploy.0 = Release|x86
		{0A236B1B-B7E0-4759-8546-790A62B63D5A}.Ad-Hoc|ARM.ActiveCfg = Release|ARM
		{0A236B1B-B7E0-4759-8546-790A62B63D5A}.Ad-Hoc|ARM.Build.0 = Release|ARM
		{0A236B1B-B7E0-4759-8546-790A62B63D5A}.Ad-Hoc|ARM.Deploy.0 = Release|ARM
		{0A236B1B-B7E0-4759-8546-790A62B63D5A}.Ad-Hoc|iPhone.ActiveCfg = Release|x86
		{0A236B1B-B7E0-4759-8546-790A62B63D5A}.Ad-Hoc|iPhone.Build.0 = Release|x86
		{0A236B1B-B7E0-4759-8546-790A62B63D5A}.Ad-Hoc|iPhone.Deploy.0 = Release|x86
		{0A236B1B-B7E0-4759-8546-790A62B63D5A}.Ad-Hoc|iPhoneSimulator.ActiveCfg = Release|x86
		{0A236B1B-B7E0-4759-8546-790A62B63D5A}.Ad-Hoc|iPhoneSimulator.Build.0 = Release|x86
		{0A236B1B-B7E0-4759-8546-790A62B63D5A}.Ad-Hoc|iPhoneSimulator.Deploy.0 = Release|x86
		{0A236B1B-B7E0-4759-8546-790A62B63D5A}.Ad-Hoc|x64.ActiveCfg = Release|x64
		{0A236B1B-B7E0-4759-8546-790A62B63D5A}.Ad-Hoc|x64.Build.0 = Release|x64
		{0A236B1B-B7E0-4759-8546-790A62B63D5A}.Ad-Hoc|x64.Deploy.0 = Release|x64
		{0A236B1B-B7E0-4759-8546-790A62B63D5A}.Ad-Hoc|x86.ActiveCfg = Release|x86
		{0A236B1B-B7E0-4759-8546-790A62B63D5A}.Ad-Hoc|x86.Build.0 = Release|x86
		{0A236B1B-B7E0-4759-8546-790A62B63D5A}.Ad-Hoc|x86.Deploy.0 = Release|x86
		{0A236B1B-B7E0-4759-8546-790A62B63D5A}.AppStore|Any CPU.ActiveCfg = Release|x86
		{0A236B1B-B7E0-4759-8546-790A62B63D5A}.AppStore|Any CPU.Build.0 = Release|x86
		{0A236B1B-B7E0-4759-8546-790A62B63D5A}.AppStore|Any CPU.Deploy.0 = Release|x86
		{0A236B1B-B7E0-4759-8546-790A62B63D5A}.AppStore|ARM.ActiveCfg = Release|ARM
		{0A236B1B-B7E0-4759-8546-790A62B63D5A}.AppStore|ARM.Build.0 = Release|ARM
		{0A236B1B-B7E0-4759-8546-790A62B63D5A}.AppStore|ARM.Deploy.0 = Release|ARM
		{0A236B1B-B7E0-4759-8546-790A62B63D5A}.AppStore|iPhone.ActiveCfg = Release|x86
		{0A236B1B-B7E0-4759-8546-790A62B63D5A}.AppStore|iPhone.Build.0 = Release|x86
		{0A236B1B-B7E0-4759-8546-790A62B63D5A}.AppStore|iPhone.Deploy.0 = Release|x86
		{0A236B1B-B7E0-4759-8546-790A62B63D5A}.AppStore|iPhoneSimulator.ActiveCfg = Release|x86
		{0A236B1B-B7E0-4759-8546-790A62B63D5A}.AppStore|iPhoneSimulator.Build.0 = Release|x86
		{0A236B1B-B7E0-4759-8546-790A62B63D5A}.AppStore|iPhoneSimulator.Deploy.0 = Release|x86
		{0A236B1B-B7E0-4759-8546-790A62B63D5A}.AppStore|x64.ActiveCfg = Release|x64
		{0A236B1B-B7E0-4759-8546-790A62B63D5A}.AppStore|x64.Build.0 = Release|x64
		{0A236B1B-B7E0-4759-8546-790A62B63D5A}.AppStore|x64.Deploy.0 = Release|x64
		{0A236B1B-B7E0-4759-8546-790A62B63D5A}.AppStore|x86.ActiveCfg = Release|x86
		{0A236B1B-B7E0-4759-8546-790A62B63D5A}.AppStore|x86.Build.0 = Release|x86
		{0A236B1B-B7E0-4759-8546-790A62B63D5A}.AppStore|x86.Deploy.0 = Release|x86
		{0A236B1B-B7E0-4759-8546-790A62B63D5A}.Debug|Any CPU.ActiveCfg = Debug|x86
		{0A236B1B-B7E0-4759-8546-790A62B63D5A}.Debug|ARM.ActiveCfg = Debug|ARM
		{0A236B1B-B7E0-4759-8546-790A62B63D5A}.Debug|ARM.Build.0 = Debug|ARM
		{0A236B1B-B7E0-4759-8546-790A62B63D5A}.Debug|ARM.Deploy.0 = Debug|ARM
		{0A236B1B-B7E0-4759-8546-790A62B63D5A}.Debug|iPhone.ActiveCfg = Debug|x86
		{0A236B1B-B7E0-4759-8546-790A62B63D5A}.Debug|iPhoneSimulator.ActiveCfg = Debug|x86
		{0A236B1B-B7E0-4759-8546-790A62B63D5A}.Debug|x64.ActiveCfg = Debug|x64
		{0A236B1B-B7E0-4759-8546-790A62B63D5A}.Debug|x64.Build.0 = Debug|x64
		{0A236B1B-B7E0-4759-8546-790A62B63D5A}.Debug|x64.Deploy.0 = Debug|x64
		{0A236B1B-B7E0-4759-8546-790A62B63D5A}.Debug|x86.ActiveCfg = Debug|x86
		{0A236B1B-B7E0-4759-8546-790A62B63D5A}.Debug|x86.Build.0 = Debug|x86
		{0A236B1B-B7E0-4759-8546-790A62B63D5A}.Debug|x86.Deploy.0 = Debug|x86
		{0A236B1B-B7E0-4759-8546-790A62B63D5A}.Release|Any CPU.ActiveCfg = Release|x86
		{0A236B1B-B7E0-4759-8546-790A62B63D5A}.Release|ARM.ActiveCfg = Release|ARM
		{0A236B1B-B7E0-4759-8546-790A62B63D5A}.Release|ARM.Build.0 = Release|ARM
		{0A236B1B-B7E0-4759-8546-790A62B63D5A}.Release|ARM.Deploy.0 = Release|ARM
		{0A236B1B-B7E0-4759-8546-790A62B63D5A}.Release|iPhone.ActiveCfg = Release|x86
		{0A236B1B-B7E0-4759-8546-790A62B63D5A}.Release|iPhoneSimulator.ActiveCfg = Release|x86
		{0A236B1B-B7E0-4759-8546-790A62B63D5A}.Release|x64.ActiveCfg = Release|x64
		{0A236B1B-B7E0-4759-8546-790A62B63D5A}.Release|x64.Build.0 = Release|x64
		{0A236B1B-B7E0-4759-8546-790A62B63D5A}.Release|x64.Deploy.0 = Release|x64
		{0A236B1B-B7E0-4759-8546-790A62B63D5A}.Release|x86.ActiveCfg = Release|x86
		{0A236B1B-B7E0-4759-8546-790A62B63D5A}.Release|x86.Build.0 = Release|x86
		{0A236B1B-B7E0-4759-8546-790A62B63D5A}.Release|x86.Deploy.0 = Release|x86
		{E8013CF2-4056-4C0E-8799-77630417E500}.Ad-Hoc|Any CPU.ActiveCfg = Ad-Hoc|iPhoneSimulator
		{E8013CF2-4056-4C0E-8799-77630417E500}.Ad-Hoc|ARM.ActiveCfg = Ad-Hoc|iPhone
		{E8013CF2-4056-4C0E-8799-77630417E500}.Ad-Hoc|iPhone.ActiveCfg = Ad-Hoc|iPhone
		{E8013CF2-4056-4C0E-8799-77630417E500}.Ad-Hoc|iPhone.Build.0 = Ad-Hoc|iPhone
		{E8013CF2-4056-4C0E-8799-77630417E500}.Ad-Hoc|iPhoneSimulator.ActiveCfg = Ad-Hoc|iPhoneSimulator
		{E8013CF2-4056-4C0E-8799-77630417E500}.Ad-Hoc|iPhoneSimulator.Build.0 = Ad-Hoc|iPhoneSimulator
		{E8013CF2-4056-4C0E-8799-77630417E500}.Ad-Hoc|x64.ActiveCfg = Ad-Hoc|iPhone
		{E8013CF2-4056-4C0E-8799-77630417E500}.Ad-Hoc|x86.ActiveCfg = Ad-Hoc|iPhone
		{E8013CF2-4056-4C0E-8799-77630417E500}.AppStore|Any CPU.ActiveCfg = AppStore|iPhoneSimulator
		{E8013CF2-4056-4C0E-8799-77630417E500}.AppStore|ARM.ActiveCfg = AppStore|iPhone
		{E8013CF2-4056-4C0E-8799-77630417E500}.AppStore|iPhone.ActiveCfg = AppStore|iPhone
		{E8013CF2-4056-4C0E-8799-77630417E500}.AppStore|iPhone.Build.0 = AppStore|iPhone
		{E8013CF2-4056-4C0E-8799-77630417E500}.AppStore|iPhoneSimulator.ActiveCfg = AppStore|iPhoneSimulator
		{E8013CF2-4056-4C0E-8799-77630417E500}.AppStore|iPhoneSimulator.Build.0 = AppStore|iPhoneSimulator
		{E8013CF2-4056-4C0E-8799-77630417E500}.AppStore|x64.ActiveCfg = AppStore|iPhone
		{E8013CF2-4056-4C0E-8799-77630417E500}.AppStore|x86.ActiveCfg = AppStore|iPhone
		{E8013CF2-4056-4C0E-8799-77630417E500}.Debug|Any CPU.ActiveCfg = Debug|iPhoneSimulator
		{E8013CF2-4056-4C0E-8799-77630417E500}.Debug|ARM.ActiveCfg = Debug|iPhone
		{E8013CF2-4056-4C0E-8799-77630417E500}.Debug|iPhone.ActiveCfg = Debug|iPhone
		{E8013CF2-4056-4C0E-8799-77630417E500}.Debug|iPhone.Build.0 = Debug|iPhone
		{E8013CF2-4056-4C0E-8799-77630417E500}.Debug|iPhoneSimulator.ActiveCfg = Debug|iPhoneSimulator
		{E8013CF2-4056-4C0E-8799-77630417E500}.Debug|iPhoneSimulator.Build.0 = Debug|iPhoneSimulator
		{E8013CF2-4056-4C0E-8799-77630417E500}.Debug|x64.ActiveCfg = Debug|iPhone
		{E8013CF2-4056-4C0E-8799-77630417E500}.Debug|x86.ActiveCfg = Debug|iPhone
		{E8013CF2-4056-4C0E-8799-77630417E500}.Release|Any CPU.ActiveCfg = Release|iPhoneSimulator
		{E8013CF2-4056-4C0E-8799-77630417E500}.Release|ARM.ActiveCfg = Release|iPhone
		{E8013CF2-4056-4C0E-8799-77630417E500}.Release|iPhone.ActiveCfg = Release|iPhone
		{E8013CF2-4056-4C0E-8799-77630417E500}.Release|iPhone.Build.0 = Release|iPhone
		{E8013CF2-4056-4C0E-8799-77630417E500}.Release|iPhoneSimulator.ActiveCfg = Release|iPhoneSimulator
		{E8013CF2-4056-4C0E-8799-77630417E500}.Release|iPhoneSimulator.Build.0 = Release|iPhoneSimulator
		{E8013CF2-4056-4C0E-8799-77630417E500}.Release|x64.ActiveCfg = Release|iPhone
		{E8013CF2-4056-4C0E-8799-77630417E500}.Release|x86.ActiveCfg = Release|iPhone
	EndGlobalSection
	GlobalSection(SolutionProperties) = preSolution
		HideSolutionNode = FALSE
	EndGlobalSection
	GlobalSection(ExtensibilityGlobals) = postSolution
		SolutionGuid = {B26B1040-A5A3-4583-A40C-33ABAB3FDA87}
	EndGlobalSection
EndGlobal
